
Microsoft Visual Studio Solution File, Format Version 12.00
# Visual Studio Version 17
VisualStudioVersion = 17.7.33711.374
MinimumVisualStudioVersion = 10.0.40219.1
Project("{9A19103F-16F7-4668-BE54-9A1E7A4F7556}") = "BlazorWebViewSample", "Source\BlazorWebViewSample\BlazorWebViewSample\BlazorWebViewSample.csproj", "{CFAF1D5B-DE87-4D65-8D9C-E37F7D0C6B74}"
EndProject
Project("{9A19103F-16F7-4668-BE54-9A1E7A4F7556}") = "BlazorWebViewSample.Android", "Source\BlazorWebViewSample\BlazorWebViewSample.Android\BlazorWebViewSample.Android.csproj", "{87DE2D5F-4B5D-4149-B037-E44C6471AF9D}"
EndProject
Project("{9A19103F-16F7-4668-BE54-9A1E7A4F7556}") = "BlazorWebViewSample.Desktop", "Source\BlazorWebViewSample\BlazorWebViewSample.Desktop\BlazorWebViewSample.Desktop.csproj", "{AD3419E9-9797-4E37-9712-9F5B6E0BCF73}"
EndProject
Project("{9A19103F-16F7-4668-BE54-9A1E7A4F7556}") = "BlazorWebViewSample.iOS", "Source\BlazorWebViewSample\BlazorWebViewSample.iOS\BlazorWebViewSample.iOS.csproj", "{98C1B42C-1A0F-41C6-A7BD-B33BF4DE65FE}"
EndProject
Project("{2150E333-8FDC-42A3-9474-1A3956D46DE8}") = ".Build", ".Build", "{8077486A-F479-4B3A-9A40-A93A54471703}"
	ProjectSection(SolutionItems) = preProject
		.editorconfig = .editorconfig
		.gitignore = .gitignore
		Build\Directory.build.common.props = Build\Directory.build.common.props
		Build\Directory.build.common.targets = Build\Directory.build.common.targets
		Directory.Build.props = Directory.Build.props
		Directory.build.targets = Directory.build.targets
		Directory.buildcpp.props = Directory.buildcpp.props
		Directory.Packages.props = Directory.Packages.props
		Build\Directory.Packages.targets = Build\Directory.Packages.targets
		global.json = global.json
		LICENSE = LICENSE
		README.md = README.md
	EndProjectSection
EndProject
Project("{FAE04EC0-301F-11D3-BF4B-00C04F79EFBC}") = "BlazorWebViewSample.Shared", "Source\BlazorWebViewSample.Shared\BlazorWebViewSample.Shared.csproj", "{74903BDE-64DF-4A19-9C8A-A887EBC59A15}"
EndProject
Global
	GlobalSection(SolutionConfigurationPlatforms) = preSolution
		Debug|Any CPU = Debug|Any CPU
		Release|Any CPU = Release|Any CPU
	EndGlobalSection
	GlobalSection(ProjectConfigurationPlatforms) = postSolution
		{CFAF1D5B-DE87-4D65-8D9C-E37F7D0C6B74}.Debug|Any CPU.ActiveCfg = Debug|Any CPU
		{CFAF1D5B-DE87-4D65-8D9C-E37F7D0C6B74}.Debug|Any CPU.Build.0 = Debug|Any CPU
		{CFAF1D5B-DE87-4D65-8D9C-E37F7D0C6B74}.Release|Any CPU.ActiveCfg = Release|Any CPU
		{CFAF1D5B-DE87-4D65-8D9C-E37F7D0C6B74}.Release|Any CPU.Build.0 = Release|Any CPU
		{87DE2D5F-4B5D-4149-B037-E44C6471AF9D}.Debug|Any CPU.ActiveCfg = Debug|Any CPU
		{87DE2D5F-4B5D-4149-B037-E44C6471AF9D}.Debug|Any CPU.Build.0 = Debug|Any CPU
		{87DE2D5F-4B5D-4149-B037-E44C6471AF9D}.Debug|Any CPU.Deploy.0 = Debug|Any CPU
		{87DE2D5F-4B5D-4149-B037-E44C6471AF9D}.Release|Any CPU.ActiveCfg = Release|Any CPU
		{87DE2D5F-4B5D-4149-B037-E44C6471AF9D}.Release|Any CPU.Build.0 = Release|Any CPU
		{87DE2D5F-4B5D-4149-B037-E44C6471AF9D}.Release|Any CPU.Deploy.0 = Release|Any CPU
		{AD3419E9-9797-4E37-9712-9F5B6E0BCF73}.Debug|Any CPU.ActiveCfg = Debug|Any CPU
		{AD3419E9-9797-4E37-9712-9F5B6E0BCF73}.Debug|Any CPU.Build.0 = Debug|Any CPU
		{AD3419E9-9797-4E37-9712-9F5B6E0BCF73}.Release|Any CPU.ActiveCfg = Release|Any CPU
		{AD3419E9-9797-4E37-9712-9F5B6E0BCF73}.Release|Any CPU.Build.0 = Release|Any CPU
		{98C1B42C-1A0F-41C6-A7BD-B33BF4DE65FE}.Debug|Any CPU.ActiveCfg = Debug|Any CPU
		{98C1B42C-1A0F-41C6-A7BD-B33BF4DE65FE}.Debug|Any CPU.Build.0 = Debug|Any CPU
		{98C1B42C-1A0F-41C6-A7BD-B33BF4DE65FE}.Debug|Any CPU.Deploy.0 = Debug|Any CPU
		{98C1B42C-1A0F-41C6-A7BD-B33BF4DE65FE}.Release|Any CPU.ActiveCfg = Release|Any CPU
		{98C1B42C-1A0F-41C6-A7BD-B33BF4DE65FE}.Release|Any CPU.Build.0 = Release|Any CPU
		{98C1B42C-1A0F-41C6-A7BD-B33BF4DE65FE}.Release|Any CPU.Deploy.0 = Release|Any CPU
		{74903BDE-64DF-4A19-9C8A-A887EBC59A15}.Debug|Any CPU.ActiveCfg = Debug|Any CPU
		{74903BDE-64DF-4A19-9C8A-A887EBC59A15}.Debug|Any CPU.Build.0 = Debug|Any CPU
		{74903BDE-64DF-4A19-9C8A-A887EBC59A15}.Release|Any CPU.ActiveCfg = Release|Any CPU
		{74903BDE-64DF-4A19-9C8A-A887EBC59A15}.Release|Any CPU.Build.0 = Release|Any CPU
	EndGlobalSection
	GlobalSection(SolutionProperties) = preSolution
		HideSolutionNode = FALSE
	EndGlobalSection
	GlobalSection(ExtensibilityGlobals) = postSolution
		SolutionGuid = {303C79D6-AF32-4C62-9B83-59AD9FD4CBAA}
	EndGlobalSection
EndGlobal
